
Microsoft Visual Studio Solution File, Format Version 12.00
# Visual Studio Version 16
VisualStudioVersion = 16.0.31205.134
MinimumVisualStudioVersion = 10.0.40219.1
Project("{FAE04EC0-301F-11D3-BF4B-00C04F79EFBC}") = "kosyat", "kosyat\kosyat.csproj", "{03D44B53-DBE0-470D-B281-EE7B4BDB5F10}"
EndProject
Global
	GlobalSection(SolutionConfigurationPlatforms) = preSolution
		Debug|Any CPU = Debug|Any CPU
		Release|Any CPU = Release|Any CPU
	EndGlobalSection
	GlobalSection(ProjectConfigurationPlatforms) = postSolution
		{03D44B53-DBE0-470D-B281-EE7B4BDB5F10}.Debug|Any CPU.ActiveCfg = Debug|Any CPU
		{03D44B53-DBE0-470D-B281-EE7B4BDB5F10}.Debug|Any CPU.Build.0 = Debug|Any CPU
		{03D44B53-DBE0-470D-B281-EE7B4BDB5F10}.Release|Any CPU.ActiveCfg = Release|Any CPU
		{03D44B53-DBE0-470D-B281-EE7B4BDB5F10}.Release|Any CPU.Build.0 = Release|Any CPU
	EndGlobalSection
	GlobalSection(SolutionProperties) = preSolution
		HideSolutionNode = FALSE
	EndGlobalSection
	GlobalSection(ExtensibilityGlobals) = postSolution
		SolutionGuid = {A0F82AAA-83CB-4E3C-8050-78F43A08B1B7}
	EndGlobalSection
EndGlobal
